
Microsoft Visual Studio Solution File, Format Version 12.00
# Visual Studio Version 17
VisualStudioVersion = 17.8.34330.188
MinimumVisualStudioVersion = 10.0.40219.1
Project("{9A19103F-16F7-4668-BE54-9A1E7A4F7556}") = "F1Weather", "F1Weather.csproj", "{9C86C010-A80F-4CEE-9F7D-DD3C4869A10E}"
EndProject
Project("{9A19103F-16F7-4668-BE54-9A1E7A4F7556}") = "WeatherLib", "..\..\Repos\LearningExamples\WeatherApp\WeatherLib\WeatherLib.csproj", "{D563F4FA-66A7-40A9-815B-36E9DC930F7C}"
EndProject
Global
	GlobalSection(SolutionConfigurationPlatforms) = preSolution
		Debug|Any CPU = Debug|Any CPU
		Release|Any CPU = Release|Any CPU
	EndGlobalSection
	GlobalSection(ProjectConfigurationPlatforms) = postSolution
		{9C86C010-A80F-4CEE-9F7D-DD3C4869A10E}.Debug|Any CPU.ActiveCfg = Debug|Any CPU
		{9C86C010-A80F-4CEE-9F7D-DD3C4869A10E}.Debug|Any CPU.Build.0 = Debug|Any CPU
		{9C86C010-A80F-4CEE-9F7D-DD3C4869A10E}.Debug|Any CPU.Deploy.0 = Debug|Any CPU
		{9C86C010-A80F-4CEE-9F7D-DD3C4869A10E}.Release|Any CPU.ActiveCfg = Release|Any CPU
		{9C86C010-A80F-4CEE-9F7D-DD3C4869A10E}.Release|Any CPU.Build.0 = Release|Any CPU
		{9C86C010-A80F-4CEE-9F7D-DD3C4869A10E}.Release|Any CPU.Deploy.0 = Release|Any CPU
		{D563F4FA-66A7-40A9-815B-36E9DC930F7C}.Debug|Any CPU.ActiveCfg = Debug|Any CPU
		{D563F4FA-66A7-40A9-815B-36E9DC930F7C}.Debug|Any CPU.Build.0 = Debug|Any CPU
		{D563F4FA-66A7-40A9-815B-36E9DC930F7C}.Release|Any CPU.ActiveCfg = Release|Any CPU
		{D563F4FA-66A7-40A9-815B-36E9DC930F7C}.Release|Any CPU.Build.0 = Release|Any CPU
	EndGlobalSection
	GlobalSection(SolutionProperties) = preSolution
		HideSolutionNode = FALSE
	EndGlobalSection
	GlobalSection(ExtensibilityGlobals) = postSolution
		SolutionGuid = {368EB427-3C42-494F-A183-BA1256BB8A52}
	EndGlobalSection
EndGlobal
